
Microsoft Visual Studio Solution File, Format Version 12.00
# Visual Studio Version 16
VisualStudioVersion = 16.0.35325.158
MinimumVisualStudioVersion = 10.0.40219.1
Project("{FAE04EC0-301F-11D3-BF4B-00C04F79EFBC}") = "grocery_shop_management_system", "grocery_shop_management_system\grocery_shop_management_system.csproj", "{F9FA8A53-E737-42EE-9919-2FB1E91883A5}"
EndProject
Global
	GlobalSection(SolutionConfigurationPlatforms) = preSolution
		Debug|Any CPU = Debug|Any CPU
		Release|Any CPU = Release|Any CPU
	EndGlobalSection
	GlobalSection(ProjectConfigurationPlatforms) = postSolution
		{F9FA8A53-E737-42EE-9919-2FB1E91883A5}.Debug|Any CPU.ActiveCfg = Debug|Any CPU
		{F9FA8A53-E737-42EE-9919-2FB1E91883A5}.Debug|Any CPU.Build.0 = Debug|Any CPU
		{F9FA8A53-E737-42EE-9919-2FB1E91883A5}.Release|Any CPU.ActiveCfg = Release|Any CPU
		{F9FA8A53-E737-42EE-9919-2FB1E91883A5}.Release|Any CPU.Build.0 = Release|Any CPU
	EndGlobalSection
	GlobalSection(SolutionProperties) = preSolution
		HideSolutionNode = FALSE
	EndGlobalSection
	GlobalSection(ExtensibilityGlobals) = postSolution
		SolutionGuid = {42E6B265-D791-4F92-87A2-B93A659FE6C3}
	EndGlobalSection
EndGlobal
